
Microsoft Visual Studio Solution File, Format Version 12.00
# Visual Studio Version 17
VisualStudioVersion = 17.0.31903.59
MinimumVisualStudioVersion = 10.0.40219.1
Project("{FAE04EC0-301F-11D3-BF4B-00C04F79EFBC}") = "LazyChromeWindowBridge.Core", "src\LazyChromeWindowBridge.Core\LazyChromeWindowBridge.Core.csproj", "{49C2DD6D-E248-41A2-B3D7-2119D17F83B0}"
EndProject
Project("{2150E333-8FDC-42A3-9474-1A3956D46DE8}") = "tests", "tests", "{0AB3BF05-4346-4AA6-1389-037BE0695223}"
EndProject
Project("{FAE04EC0-301F-11D3-BF4B-00C04F79EFBC}") = "LazyChromeWindowBridge.Core.Tests", "tests\LazyChromeWindowBridge.Core.Tests\LazyChromeWindowBridge.Core.Tests.csproj", "{C563ADB4-213E-48EE-9571-85F3193A1429}"
EndProject
Project("{2150E333-8FDC-42A3-9474-1A3956D46DE8}") = "src", "src", "{827E0CD3-B72D-47B6-A68D-7590B98EB39B}"
EndProject
Project("{2150E333-8FDC-42A3-9474-1A3956D46DE8}") = "samples", "samples", "{5D20AA90-6969-D8BD-9DCD-8634F4692FDA}"
EndProject
Project("{FAE04EC0-301F-11D3-BF4B-00C04F79EFBC}") = "LazyChromeWindowBridge.SampleCaller", "samples\LazyChromeWindowBridge.SampleCaller\LazyChromeWindowBridge.SampleCaller.csproj", "{9D56FFEA-6123-4520-AC57-E9D4ADC0C507}"
EndProject
Project("{FAE04EC0-301F-11D3-BF4B-00C04F79EFBC}") = "LazyChromeWindowBridge.PublicApi.Tests", "tests\LazyChromeWindowBridge.PublicApi.Tests\LazyChromeWindowBridge.PublicApi.Tests.csproj", "{22C78FC7-8940-44A4-BD93-F93EC7D28E6C}"
EndProject
Global
	GlobalSection(SolutionConfigurationPlatforms) = preSolution
		Debug|Any CPU = Debug|Any CPU
		Debug|x64 = Debug|x64
		Debug|x86 = Debug|x86
		Release|Any CPU = Release|Any CPU
		Release|x64 = Release|x64
		Release|x86 = Release|x86
	EndGlobalSection
	GlobalSection(ProjectConfigurationPlatforms) = postSolution
		{49C2DD6D-E248-41A2-B3D7-2119D17F83B0}.Debug|Any CPU.ActiveCfg = Debug|Any CPU
		{49C2DD6D-E248-41A2-B3D7-2119D17F83B0}.Debug|Any CPU.Build.0 = Debug|Any CPU
		{49C2DD6D-E248-41A2-B3D7-2119D17F83B0}.Debug|x64.ActiveCfg = Debug|Any CPU
		{49C2DD6D-E248-41A2-B3D7-2119D17F83B0}.Debug|x64.Build.0 = Debug|Any CPU
		{49C2DD6D-E248-41A2-B3D7-2119D17F83B0}.Debug|x86.ActiveCfg = Debug|Any CPU
		{49C2DD6D-E248-41A2-B3D7-2119D17F83B0}.Debug|x86.Build.0 = Debug|Any CPU
		{49C2DD6D-E248-41A2-B3D7-2119D17F83B0}.Release|Any CPU.ActiveCfg = Release|Any CPU
		{49C2DD6D-E248-41A2-B3D7-2119D17F83B0}.Release|Any CPU.Build.0 = Release|Any CPU
		{49C2DD6D-E248-41A2-B3D7-2119D17F83B0}.Release|x64.ActiveCfg = Release|Any CPU
		{49C2DD6D-E248-41A2-B3D7-2119D17F83B0}.Release|x64.Build.0 = Release|Any CPU
		{49C2DD6D-E248-41A2-B3D7-2119D17F83B0}.Release|x86.ActiveCfg = Release|Any CPU
		{49C2DD6D-E248-41A2-B3D7-2119D17F83B0}.Release|x86.Build.0 = Release|Any CPU
		{C563ADB4-213E-48EE-9571-85F3193A1429}.Debug|Any CPU.ActiveCfg = Debug|Any CPU
		{C563ADB4-213E-48EE-9571-85F3193A1429}.Debug|Any CPU.Build.0 = Debug|Any CPU
		{C563ADB4-213E-48EE-9571-85F3193A1429}.Debug|x64.ActiveCfg = Debug|Any CPU
		{C563ADB4-213E-48EE-9571-85F3193A1429}.Debug|x64.Build.0 = Debug|Any CPU
		{C563ADB4-213E-48EE-9571-85F3193A1429}.Debug|x86.ActiveCfg = Debug|Any CPU
		{C563ADB4-213E-48EE-9571-85F3193A1429}.Debug|x86.Build.0 = Debug|Any CPU
		{C563ADB4-213E-48EE-9571-85F3193A1429}.Release|Any CPU.ActiveCfg = Release|Any CPU
		{C563ADB4-213E-48EE-9571-85F3193A1429}.Release|Any CPU.Build.0 = Release|Any CPU
		{C563ADB4-213E-48EE-9571-85F3193A1429}.Release|x64.ActiveCfg = Release|Any CPU
		{C563ADB4-213E-48EE-9571-85F3193A1429}.Release|x64.Build.0 = Release|Any CPU
		{C563ADB4-213E-48EE-9571-85F3193A1429}.Release|x86.ActiveCfg = Release|Any CPU
		{C563ADB4-213E-48EE-9571-85F3193A1429}.Release|x86.Build.0 = Release|Any CPU
		{9D56FFEA-6123-4520-AC57-E9D4ADC0C507}.Debug|Any CPU.ActiveCfg = Debug|Any CPU
		{9D56FFEA-6123-4520-AC57-E9D4ADC0C507}.Debug|Any CPU.Build.0 = Debug|Any CPU
		{9D56FFEA-6123-4520-AC57-E9D4ADC0C507}.Debug|x64.ActiveCfg = Debug|Any CPU
		{9D56FFEA-6123-4520-AC57-E9D4ADC0C507}.Debug|x64.Build.0 = Debug|Any CPU
		{9D56FFEA-6123-4520-AC57-E9D4ADC0C507}.Debug|x86.ActiveCfg = Debug|Any CPU
		{9D56FFEA-6123-4520-AC57-E9D4ADC0C507}.Debug|x86.Build.0 = Debug|Any CPU
		{9D56FFEA-6123-4520-AC57-E9D4ADC0C507}.Release|Any CPU.ActiveCfg = Release|Any CPU
		{9D56FFEA-6123-4520-AC57-E9D4ADC0C507}.Release|Any CPU.Build.0 = Release|Any CPU
		{9D56FFEA-6123-4520-AC57-E9D4ADC0C507}.Release|x64.ActiveCfg = Release|Any CPU
		{9D56FFEA-6123-4520-AC57-E9D4ADC0C507}.Release|x64.Build.0 = Release|Any CPU
		{9D56FFEA-6123-4520-AC57-E9D4ADC0C507}.Release|x86.ActiveCfg = Release|Any CPU
		{9D56FFEA-6123-4520-AC57-E9D4ADC0C507}.Release|x86.Build.0 = Release|Any CPU
		{22C78FC7-8940-44A4-BD93-F93EC7D28E6C}.Debug|Any CPU.ActiveCfg = Debug|Any CPU
		{22C78FC7-8940-44A4-BD93-F93EC7D28E6C}.Debug|Any CPU.Build.0 = Debug|Any CPU
		{22C78FC7-8940-44A4-BD93-F93EC7D28E6C}.Debug|x64.ActiveCfg = Debug|Any CPU
		{22C78FC7-8940-44A4-BD93-F93EC7D28E6C}.Debug|x64.Build.0 = Debug|Any CPU
		{22C78FC7-8940-44A4-BD93-F93EC7D28E6C}.Debug|x86.ActiveCfg = Debug|Any CPU
		{22C78FC7-8940-44A4-BD93-F93EC7D28E6C}.Debug|x86.Build.0 = Debug|Any CPU
		{22C78FC7-8940-44A4-BD93-F93EC7D28E6C}.Release|Any CPU.ActiveCfg = Release|Any CPU
		{22C78FC7-8940-44A4-BD93-F93EC7D28E6C}.Release|Any CPU.Build.0 = Release|Any CPU
		{22C78FC7-8940-44A4-BD93-F93EC7D28E6C}.Release|x64.ActiveCfg = Release|Any CPU
		{22C78FC7-8940-44A4-BD93-F93EC7D28E6C}.Release|x64.Build.0 = Release|Any CPU
		{22C78FC7-8940-44A4-BD93-F93EC7D28E6C}.Release|x86.ActiveCfg = Release|Any CPU
		{22C78FC7-8940-44A4-BD93-F93EC7D28E6C}.Release|x86.Build.0 = Release|Any CPU
	EndGlobalSection
	GlobalSection(SolutionProperties) = preSolution
		HideSolutionNode = FALSE
	EndGlobalSection
	GlobalSection(NestedProjects) = preSolution
		{C563ADB4-213E-48EE-9571-85F3193A1429} = {0AB3BF05-4346-4AA6-1389-037BE0695223}
		{9D56FFEA-6123-4520-AC57-E9D4ADC0C507} = {5D20AA90-6969-D8BD-9DCD-8634F4692FDA}
		{22C78FC7-8940-44A4-BD93-F93EC7D28E6C} = {0AB3BF05-4346-4AA6-1389-037BE0695223}
	EndGlobalSection
EndGlobal
